
Microsoft Visual Studio Solution File, Format Version 12.00
# Visual Studio Version 16
VisualStudioVersion = 16.0.31005.135
MinimumVisualStudioVersion = 10.0.40219.1
Project("{FAE04EC0-301F-11D3-BF4B-00C04F79EFBC}") = "ElevenNote.WebAPI", "ElevenNote.WebAPI\ElevenNote.WebAPI.csproj", "{649CBAA8-EE94-45A2-ADE9-CDDF73699B7B}"
EndProject
Project("{FAE04EC0-301F-11D3-BF4B-00C04F79EFBC}") = "ElevenNote.Data", "ElevenNote.Data\ElevenNote.Data.csproj", "{C188BD0C-36AD-433E-886D-B98746B62DB8}"
EndProject
Project("{FAE04EC0-301F-11D3-BF4B-00C04F79EFBC}") = "ElevenNote.Models", "ElevenNote.Models\ElevenNote.Models.csproj", "{7F20B799-D253-4A9A-9749-419D996AC8C3}"
EndProject
Project("{FAE04EC0-301F-11D3-BF4B-00C04F79EFBC}") = "ElevenNote.Services", "ElevenNote.Services\ElevenNote.Services.csproj", "{89ED12C6-D4ED-4031-A584-42C979DD1417}"
EndProject
Global
	GlobalSection(SolutionConfigurationPlatforms) = preSolution
		Debug|Any CPU = Debug|Any CPU
		Release|Any CPU = Release|Any CPU
	EndGlobalSection
	GlobalSection(ProjectConfigurationPlatforms) = postSolution
		{649CBAA8-EE94-45A2-ADE9-CDDF73699B7B}.Debug|Any CPU.ActiveCfg = Debug|Any CPU
		{649CBAA8-EE94-45A2-ADE9-CDDF73699B7B}.Debug|Any CPU.Build.0 = Debug|Any CPU
		{649CBAA8-EE94-45A2-ADE9-CDDF73699B7B}.Release|Any CPU.ActiveCfg = Release|Any CPU
		{649CBAA8-EE94-45A2-ADE9-CDDF73699B7B}.Release|Any CPU.Build.0 = Release|Any CPU
		{C188BD0C-36AD-433E-886D-B98746B62DB8}.Debug|Any CPU.ActiveCfg = Debug|Any CPU
		{C188BD0C-36AD-433E-886D-B98746B62DB8}.Debug|Any CPU.Build.0 = Debug|Any CPU
		{C188BD0C-36AD-433E-886D-B98746B62DB8}.Release|Any CPU.ActiveCfg = Release|Any CPU
		{C188BD0C-36AD-433E-886D-B98746B62DB8}.Release|Any CPU.Build.0 = Release|Any CPU
		{7F20B799-D253-4A9A-9749-419D996AC8C3}.Debug|Any CPU.ActiveCfg = Debug|Any CPU
		{7F20B799-D253-4A9A-9749-419D996AC8C3}.Debug|Any CPU.Build.0 = Debug|Any CPU
		{7F20B799-D253-4A9A-9749-419D996AC8C3}.Release|Any CPU.ActiveCfg = Release|Any CPU
		{7F20B799-D253-4A9A-9749-419D996AC8C3}.Release|Any CPU.Build.0 = Release|Any CPU
		{89ED12C6-D4ED-4031-A584-42C979DD1417}.Debug|Any CPU.ActiveCfg = Debug|Any CPU
		{89ED12C6-D4ED-4031-A584-42C979DD1417}.Debug|Any CPU.Build.0 = Debug|Any CPU
		{89ED12C6-D4ED-4031-A584-42C979DD1417}.Release|Any CPU.ActiveCfg = Release|Any CPU
		{89ED12C6-D4ED-4031-A584-42C979DD1417}.Release|Any CPU.Build.0 = Release|Any CPU
	EndGlobalSection
	GlobalSection(SolutionProperties) = preSolution
		HideSolutionNode = FALSE
	EndGlobalSection
	GlobalSection(ExtensibilityGlobals) = postSolution
		SolutionGuid = {05269698-226E-4EBD-8A27-295ADC22FC36}
	EndGlobalSection
EndGlobal
